// !$*UTF8*$!
{
	archiveVersion = 1;
	classes = {
	};
	objectVersion = 46;
	objects = {

/* Begin PBXBuildFile section */
		2B0817951A492FCD009CDEE6 /* main.m in Sources */ = {isa = PBXBuildFile; fileRef = 2B0817941A492FCD009CDEE6 /* main.m */; };
		2B0817981A492FCD009CDEE6 /* AppDelegate.m in Sources */ = {isa = PBXBuildFile; fileRef = 2B0817971A492FCD009CDEE6 /* AppDelegate.m */; };
		2B08179B1A492FCD009CDEE6 /* ViewController.m in Sources */ = {isa = PBXBuildFile; fileRef = 2B08179A1A492FCD009CDEE6 /* ViewController.m */; };
		2B08179E1A492FCD009CDEE6 /* Main.storyboard in Resources */ = {isa = PBXBuildFile; fileRef = 2B08179C1A492FCD009CDEE6 /* Main.storyboard */; };
		2B0817A01A492FCD009CDEE6 /* Images.xcassets in Resources */ = {isa = PBXBuildFile; fileRef = 2B08179F1A492FCD009CDEE6 /* Images.xcassets */; };
		2B0817A31A492FCD009CDEE6 /* LaunchScreen.xib in Resources */ = {isa = PBXBuildFile; fileRef = 2B0817A11A492FCD009CDEE6 /* LaunchScreen.xib */; };
		2B0817AF1A492FCD009CDEE6 /* pictenTests.m in Sources */ = {isa = PBXBuildFile; fileRef = 2B0817AE1A492FCD009CDEE6 /* pictenTests.m */; };
		2BA2CD7F1A7387D600CC4EF6 /* white.png in Resources */ = {isa = PBXBuildFile; fileRef = 2BA2CD7E1A7387D600CC4EF6 /* white.png */; };
		2BB13F811A73E15100D58B6A /* tumblr_mx5uzcR7Ba1rinthwo1_500.jpg in Resources */ = {isa = PBXBuildFile; fileRef = 2BB13F801A73E15100D58B6A /* tumblr_mx5uzcR7Ba1rinthwo1_500.jpg */; };
		2BB13F851A73E3B200D58B6A /* rogonew.png in Resources */ = {isa = PBXBuildFile; fileRef = 2BB13F841A73E3B200D58B6A /* rogonew.png */; };
		2BB13F8C1A73EA5D00D58B6A /* start.png in Resources */ = {isa = PBXBuildFile; fileRef = 2BB13F8B1A73EA5D00D58B6A /* start.png */; };
		2BB13F8E1A73EAEC00D58B6A /* ninzuu.png in Resources */ = {isa = PBXBuildFile; fileRef = 2BB13F8D1A73EAEC00D58B6A /* ninzuu.png */; };
		2BB13F911A73EB5D00D58B6A /* 1.png in Resources */ = {isa = PBXBuildFile; fileRef = 2BB13F8F1A73EB5D00D58B6A /* 1.png */; };
		2BB13F921A73EB5D00D58B6A /* 2.png in Resources */ = {isa = PBXBuildFile; fileRef = 2BB13F901A73EB5D00D58B6A /* 2.png */; };
		2BB13F941A73EC9B00D58B6A /* circular-little-menu-button_318-25364.png in Resources */ = {isa = PBXBuildFile; fileRef = 2BB13F931A73EC9B00D58B6A /* circular-little-menu-button_318-25364.png */; };
		2BB13F961A73ED0100D58B6A /* menu.png in Resources */ = {isa = PBXBuildFile; fileRef = 2BB13F951A73ED0100D58B6A /* menu.png */; };
		2BCB481B1A4BEAC1008373B3 /* frame00033.png in Resources */ = {isa = PBXBuildFile; fileRef = 2BCB481A1A4BEAC1008373B3 /* frame00033.png */; };
		2BCB481D1A4BEB61008373B3 /* 02FF0975293.png in Resources */ = {isa = PBXBuildFile; fileRef = 2BCB481C1A4BEB61008373B3 /* 02FF0975293.png */; };
		2BE983691A86322D0087EDDA /* Images-2.xcassets in Resources */ = {isa = PBXBuildFile; fileRef = 2BE983681A86322D0087EDDA /* Images-2.xcassets */; };
/* End PBXBuildFile section */

/* Begin PBXContainerItemProxy section */
		2B0817A91A492FCD009CDEE6 /* PBXContainerItemProxy */ = {
			isa = PBXContainerItemProxy;
			containerPortal = 2B0817871A492FCD009CDEE6 /* Project object */;
			proxyType = 1;
			remoteGlobalIDString = 2B08178E1A492FCD009CDEE6;
			remoteInfo = picten;
		};
/* End PBXContainerItemProxy section */

/* Begin PBXFileReference section */
		2B08178F1A492FCD009CDEE6 /* picten.app */ = {isa = PBXFileReference; explicitFileType = wrapper.application; includeInIndex = 0; path = picten.app; sourceTree = BUILT_PRODUCTS_DIR; };
		2B0817931A492FCD009CDEE6 /* Info.plist */ = {isa = PBXFileReference; lastKnownFileType = text.plist.xml; path = Info.plist; sourceTree = "<group>"; };
		2B0817941A492FCD009CDEE6 /* main.m */ = {isa = PBXFileReference; lastKnownFileType = sourcecode.c.objc; path = main.m; sourceTree = "<group>"; };
		2B0817961A492FCD009CDEE6 /* AppDelegate.h */ = {isa = PBXFileReference; lastKnownFileType = sourcecode.c.h; path = AppDelegate.h; sourceTree = "<group>"; };
		2B0817971A492FCD009CDEE6 /* AppDelegate.m */ = {isa = PBXFileReference; lastKnownFileType = sourcecode.c.objc; path = AppDelegate.m; sourceTree = "<group>"; };
		2B0817991A492FCD009CDEE6 /* ViewController.h */ = {isa = PBXFileReference; lastKnownFileType = sourcecode.c.h; path = ViewController.h; sourceTree = "<group>"; };
		2B08179A1A492FCD009CDEE6 /* ViewController.m */ = {isa = PBXFileReference; lastKnownFileType = sourcecode.c.objc; path = ViewController.m; sourceTree = "<group>"; };
		2B08179D1A492FCD009CDEE6 /* Base */ = {isa = PBXFileReference; lastKnownFileType = file.storyboard; name = Base; path = Base.lproj/Main.storyboard; sourceTree = "<group>"; };
		2B08179F1A492FCD009CDEE6 /* Images.xcassets */ = {isa = PBXFileReference; lastKnownFileType = folder.assetcatalog; path = Images.xcassets; sourceTree = "<group>"; };
		2B0817A21A492FCD009CDEE6 /* Base */ = {isa = PBXFileReference; lastKnownFileType = file.xib; name = Base; path = Base.lproj/LaunchScreen.xib; sourceTree = "<group>"; };
		2B0817A81A492FCD009CDEE6 /* pictenTests.xctest */ = {isa = PBXFileReference; explicitFileType = wrapper.cfbundle; includeInIndex = 0; path = pictenTests.xctest; sourceTree = BUILT_PRODUCTS_DIR; };
		2B0817AD1A492FCD009CDEE6 /* Info.plist */ = {isa = PBXFileReference; lastKnownFileType = text.plist.xml; path = Info.plist; sourceTree = "<group>"; };
		2B0817AE1A492FCD009CDEE6 /* pictenTests.m */ = {isa = PBXFileReference; lastKnownFileType = sourcecode.c.objc; path = pictenTests.m; sourceTree = "<group>"; };
		2BA2CD7E1A7387D600CC4EF6 /* white.png */ = {isa = PBXFileReference; lastKnownFileType = image.png; path = white.png; sourceTree = "<group>"; };
		2BB13F801A73E15100D58B6A /* tumblr_mx5uzcR7Ba1rinthwo1_500.jpg */ = {isa = PBXFileReference; lastKnownFileType = image.jpeg; path = tumblr_mx5uzcR7Ba1rinthwo1_500.jpg; sourceTree = "<group>"; };
		2BB13F841A73E3B200D58B6A /* rogonew.png */ = {isa = PBXFileReference; lastKnownFileType = image.png; path = rogonew.png; sourceTree = "<group>"; };
		2BB13F8B1A73EA5D00D58B6A /* start.png */ = {isa = PBXFileReference; lastKnownFileType = image.png; name = start.png; path = picten/start.png; sourceTree = "<group>"; };
		2BB13F8D1A73EAEC00D58B6A /* ninzuu.png */ = {isa = PBXFileReference; lastKnownFileType = image.png; path = ninzuu.png; sourceTree = "<group>"; };
		2BB13F8F1A73EB5D00D58B6A /* 1.png */ = {isa = PBXFileReference; lastKnownFileType = image.png; path = 1.png; sourceTree = "<group>"; };
		2BB13F901A73EB5D00D58B6A /* 2.png */ = {isa = PBXFileReference; lastKnownFileType = image.png; path = 2.png; sourceTree = "<group>"; };
		2BB13F931A73EC9B00D58B6A /* circular-little-menu-button_318-25364.png */ = {isa = PBXFileReference; lastKnownFileType = image.png; path = "circular-little-menu-button_318-25364.png"; sourceTree = "<group>"; };
		2BB13F951A73ED0100D58B6A /* menu.png */ = {isa = PBXFileReference; lastKnownFileType = image.png; path = menu.png; sourceTree = "<group>"; };
		2BCB481A1A4BEAC1008373B3 /* frame00033.png */ = {isa = PBXFileReference; lastKnownFileType = image.png; path = frame00033.png; sourceTree = "<group>"; };
		2BCB481C1A4BEB61008373B3 /* 02FF0975293.png */ = {isa = PBXFileReference; lastKnownFileType = image.png; path = 02FF0975293.png; sourceTree = "<group>"; };
		2BE983681A86322D0087EDDA /* Images-2.xcassets */ = {isa = PBXFileReference; lastKnownFileType = folder.assetcatalog; path = "Images-2.xcassets"; sourceTree = "<group>"; };
/* End PBXFileReference section */

/* Begin PBXFrameworksBuildPhase section */
		2B08178C1A492FCD009CDEE6 /* Frameworks */ = {
			isa = PBXFrameworksBuildPhase;
			buildActionMask = 2147483647;
			files = (
			);
			runOnlyForDeploymentPostprocessing = 0;
		};
		2B0817A51A492FCD009CDEE6 /* Frameworks */ = {
			isa = PBXFrameworksBuildPhase;
			buildActionMask = 2147483647;
			files = (
			);
			runOnlyForDeploymentPostprocessing = 0;
		};
/* End PBXFrameworksBuildPhase section */

/* Begin PBXGroup section */
		2B0817861A492FCD009CDEE6 = {
			isa = PBXGroup;
			children = (
				2BB13F8B1A73EA5D00D58B6A /* start.png */,
				2BB13F8F1A73EB5D00D58B6A /* 1.png */,
				2BB13F901A73EB5D00D58B6A /* 2.png */,
				2BB13F931A73EC9B00D58B6A /* circular-little-menu-button_318-25364.png */,
				2BB13F951A73ED0100D58B6A /* menu.png */,
				2BB13F8D1A73EAEC00D58B6A /* ninzuu.png */,
				2B0817911A492FCD009CDEE6 /* picten */,
				2B0817AB1A492FCD009CDEE6 /* pictenTests */,
				2B0817901A492FCD009CDEE6 /* Products */,
			);
			sourceTree = "<group>";
		};
		2B0817901A492FCD009CDEE6 /* Products */ = {
			isa = PBXGroup;
			children = (
				2B08178F1A492FCD009CDEE6 /* picten.app */,
				2B0817A81A492FCD009CDEE6 /* pictenTests.xctest */,
			);
			name = Products;
			sourceTree = "<group>";
		};
		2B0817911A492FCD009CDEE6 /* picten */ = {
			isa = PBXGroup;
			children = (
				2BB13F861A73E6BD00D58B6A /* fot deta  */,
				2B0817961A492FCD009CDEE6 /* AppDelegate.h */,
				2B0817971A492FCD009CDEE6 /* AppDelegate.m */,
				2B0817991A492FCD009CDEE6 /* ViewController.h */,
				2B08179A1A492FCD009CDEE6 /* ViewController.m */,
				2B08179C1A492FCD009CDEE6 /* Main.storyboard */,
				2B08179F1A492FCD009CDEE6 /* Images.xcassets */,
				2B0817A11A492FCD009CDEE6 /* LaunchScreen.xib */,
				2BE983681A86322D0087EDDA /* Images-2.xcassets */,
				2B0817921A492FCD009CDEE6 /* Supporting Files */,
			);
			path = picten;
			sourceTree = "<group>";
		};
		2B0817921A492FCD009CDEE6 /* Supporting Files */ = {
			isa = PBXGroup;
			children = (
				2B0817931A492FCD009CDEE6 /* Info.plist */,
				2B0817941A492FCD009CDEE6 /* main.m */,
			);
			name = "Supporting Files";
			sourceTree = "<group>";
		};
		2B0817AB1A492FCD009CDEE6 /* pictenTests */ = {
			isa = PBXGroup;
			children = (
				2B0817AE1A492FCD009CDEE6 /* pictenTests.m */,
				2B0817AC1A492FCD009CDEE6 /* Supporting Files */,
			);
			path = pictenTests;
			sourceTree = "<group>";
		};
		2B0817AC1A492FCD009CDEE6 /* Supporting Files */ = {
			isa = PBXGroup;
			children = (
				2B0817AD1A492FCD009CDEE6 /* Info.plist */,
			);
			name = "Supporting Files";
			sourceTree = "<group>";
		};
		2BB13F861A73E6BD00D58B6A /* fot deta  */ = {
			isa = PBXGroup;
			children = (
				2BB13F8A1A73E74800D58B6A /* hantei gazou */,
				2BB13F891A73E72800D58B6A /* botan */,
				2BB13F881A73E71A00D58B6A /* rogo */,
				2BB13F871A73E6D800D58B6A /* haikei */,
			);
			name = "fot deta ";
			sourceTree = "<group>";
		};
		2BB13F871A73E6D800D58B6A /* haikei */ = {
			isa = PBXGroup;
			children = (
				2BA2CD7E1A7387D600CC4EF6 /* white.png */,
				2BB13F801A73E15100D58B6A /* tumblr_mx5uzcR7Ba1rinthwo1_500.jpg */,
			);
			name = haikei;
			sourceTree = "<group>";
		};
		2BB13F881A73E71A00D58B6A /* rogo */ = {
			isa = PBXGroup;
			children = (
				2BB13F841A73E3B200D58B6A /* rogonew.png */,
			);
			name = rogo;
			sourceTree = "<group>";
		};
		2BB13F891A73E72800D58B6A /* botan */ = {
			isa = PBXGroup;
			children = (
			);
			name = botan;
			sourceTree = "<group>";
		};
		2BB13F8A1A73E74800D58B6A /* hantei gazou */ = {
			isa = PBXGroup;
			children = (
				2BCB481C1A4BEB61008373B3 /* 02FF0975293.png */,
				2BCB481A1A4BEAC1008373B3 /* frame00033.png */,
			);
			name = "hantei gazou";
			sourceTree = "<group>";
		};
/* End PBXGroup section */

/* Begin PBXNativeTarget section */
		2B08178E1A492FCD009CDEE6 /* picten */ = {
			isa = PBXNativeTarget;
			buildConfigurationList = 2B0817B21A492FCD009CDEE6 /* Build configuration list for PBXNativeTarget "picten" */;
			buildPhases = (
				2B08178B1A492FCD009CDEE6 /* Sources */,
				2B08178C1A492FCD009CDEE6 /* Frameworks */,
				2B08178D1A492FCD009CDEE6 /* Resources */,
			);
			buildRules = (
			);
			dependencies = (
			);
			name = picten;
			productName = picten;
			productReference = 2B08178F1A492FCD009CDEE6 /* picten.app */;
			productType = "com.apple.product-type.application";
		};
		2B0817A71A492FCD009CDEE6 /* pictenTests */ = {
			isa = PBXNativeTarget;
			buildConfigurationList = 2B0817B51A492FCD009CDEE6 /* Build configuration list for PBXNativeTarget "pictenTests" */;
			buildPhases = (
				2B0817A41A492FCD009CDEE6 /* Sources */,
				2B0817A51A492FCD009CDEE6 /* Frameworks */,
				2B0817A61A492FCD009CDEE6 /* Resources */,
			);
			buildRules = (
			);
			dependencies = (
				2B0817AA1A492FCD009CDEE6 /* PBXTargetDependency */,
			);
			name = pictenTests;
			productName = pictenTests;
			productReference = 2B0817A81A492FCD009CDEE6 /* pictenTests.xctest */;
			productType = "com.apple.product-type.bundle.unit-test";
		};
/* End PBXNativeTarget section */

/* Begin PBXProject section */
		2B0817871A492FCD009CDEE6 /* Project object */ = {
			isa = PBXProject;
			attributes = {
				LastUpgradeCheck = 0610;
				ORGANIZATIONNAME = "nagatakidani sinzi";
				TargetAttributes = {
					2B08178E1A492FCD009CDEE6 = {
						CreatedOnToolsVersion = 6.1.1;
						DevelopmentTeam = CRF5Z6NHJU;
					};
					2B0817A71A492FCD009CDEE6 = {
						CreatedOnToolsVersion = 6.1.1;
						TestTargetID = 2B08178E1A492FCD009CDEE6;
					};
				};
			};
			buildConfigurationList = 2B08178A1A492FCD009CDEE6 /* Build configuration list for PBXProject "picten" */;
			compatibilityVersion = "Xcode 3.2";
			developmentRegion = English;
			hasScannedForEncodings = 0;
			knownRegions = (
				en,
				Base,
			);
			mainGroup = 2B0817861A492FCD009CDEE6;
			productRefGroup = 2B0817901A492FCD009CDEE6 /* Products */;
			projectDirPath = "";
			projectRoot = "";
			targets = (
				2B08178E1A492FCD009CDEE6 /* picten */,
				2B0817A71A492FCD009CDEE6 /* pictenTests */,
			);
		};
/* End PBXProject section */

/* Begin PBXResourcesBuildPhase section */
		2B08178D1A492FCD009CDEE6 /* Resources */ = {
			isa = PBXResourcesBuildPhase;
			buildActionMask = 2147483647;
			files = (
				2BB13F911A73EB5D00D58B6A /* 1.png in Resources */,
				2BB13F8E1A73EAEC00D58B6A /* ninzuu.png in Resources */,
				2BB13F811A73E15100D58B6A /* tumblr_mx5uzcR7Ba1rinthwo1_500.jpg in Resources */,
				2BE983691A86322D0087EDDA /* Images-2.xcassets in Resources */,
				2BB13F8C1A73EA5D00D58B6A /* start.png in Resources */,
				2BB13F961A73ED0100D58B6A /* menu.png in Resources */,
				2BCB481B1A4BEAC1008373B3 /* frame00033.png in Resources */,
				2B08179E1A492FCD009CDEE6 /* Main.storyboard in Resources */,
				2BB13F921A73EB5D00D58B6A /* 2.png in Resources */,
				2BA2CD7F1A7387D600CC4EF6 /* white.png in Resources */,
				2BCB481D1A4BEB61008373B3 /* 02FF0975293.png in Resources */,
				2B0817A31A492FCD009CDEE6 /* LaunchScreen.xib in Resources */,
				2B0817A01A492FCD009CDEE6 /* Images.xcassets in Resources */,
				2BB13F941A73EC9B00D58B6A /* circular-little-menu-button_318-25364.png in Resources */,
				2BB13F851A73E3B200D58B6A /* rogonew.png in Resources */,
			);
			runOnlyForDeploymentPostprocessing = 0;
		};
		2B0817A61A492FCD009CDEE6 /* Resources */ = {
			isa = PBXResourcesBuildPhase;
			buildActionMask = 2147483647;
			files = (
			);
			runOnlyForDeploymentPostprocessing = 0;
		};
/* End PBXResourcesBuildPhase section */

/* Begin PBXSourcesBuildPhase section */
		2B08178B1A492FCD009CDEE6 /* Sources */ = {
			isa = PBXSourcesBuildPhase;
			buildActionMask = 2147483647;
			files = (
				2B08179B1A492FCD009CDEE6 /* ViewController.m in Sources */,
				2B0817981A492FCD009CDEE6 /* AppDelegate.m in Sources */,
				2B0817951A492FCD009CDEE6 /* main.m in Sources */,
			);
			runOnlyForDeploymentPostprocessing = 0;
		};
		2B0817A41A492FCD009CDEE6 /* Sources */ = {
			isa = PBXSourcesBuildPhase;
			buildActionMask = 2147483647;
			files = (
				2B0817AF1A492FCD009CDEE6 /* pictenTests.m in Sources */,
			);
			runOnlyForDeploymentPostprocessing = 0;
		};
/* End PBXSourcesBuildPhase section */

/* Begin PBXTargetDependency section */
		2B0817AA1A492FCD009CDEE6 /* PBXTargetDependency */ = {
			isa = PBXTargetDependency;
			target = 2B08178E1A492FCD009CDEE6 /* picten */;
			targetProxy = 2B0817A91A492FCD009CDEE6 /* PBXContainerItemProxy */;
		};
/* End PBXTargetDependency section */

/* Begin PBXVariantGroup section */
		2B08179C1A492FCD009CDEE6 /* Main.storyboard */ = {
			isa = PBXVariantGroup;
			children = (
				2B08179D1A492FCD009CDEE6 /* Base */,
			);
			name = Main.storyboard;
			sourceTree = "<group>";
		};
		2B0817A11A492FCD009CDEE6 /* LaunchScreen.xib */ = {
			isa = PBXVariantGroup;
			children = (
				2B0817A21A492FCD009CDEE6 /* Base */,
			);
			name = LaunchScreen.xib;
			sourceTree = "<group>";
		};
/* End PBXVariantGroup section */

/* Begin XCBuildConfiguration section */
		2B0817B01A492FCD009CDEE6 /* Debug */ = {
			isa = XCBuildConfiguration;
			buildSettings = {
				ALWAYS_SEARCH_USER_PATHS = NO;
				CLANG_CXX_LANGUAGE_STANDARD = "gnu++0x";
				CLANG_CXX_LIBRARY = "libc++";
				CLANG_ENABLE_MODULES = YES;
				CLANG_ENABLE_OBJC_ARC = YES;
				CLANG_WARN_BOOL_CONVERSION = YES;
				CLANG_WARN_CONSTANT_CONVERSION = YES;
				CLANG_WARN_DIRECT_OBJC_ISA_USAGE = YES_ERROR;
				CLANG_WARN_EMPTY_BODY = YES;
				CLANG_WARN_ENUM_CONVERSION = YES;
				CLANG_WARN_INT_CONVERSION = YES;
				CLANG_WARN_OBJC_ROOT_CLASS = YES_ERROR;
				CLANG_WARN_UNREACHABLE_CODE = YES;
				CLANG_WARN__DUPLICATE_METHOD_MATCH = YES;
				"CODE_SIGN_IDENTITY[sdk=iphoneos*]" = "iPhone Developer";
				COPY_PHASE_STRIP = NO;
				ENABLE_STRICT_OBJC_MSGSEND = YES;
				GCC_C_LANGUAGE_STANDARD = gnu99;
				GCC_DYNAMIC_NO_PIC = NO;
				GCC_OPTIMIZATION_LEVEL = 0;
				GCC_PREPROCESSOR_DEFINITIONS = (
					"DEBUG=1",
					"$(inherited)",
				);
				GCC_SYMBOLS_PRIVATE_EXTERN = NO;
				GCC_WARN_64_TO_32_BIT_CONVERSION = YES;
				GCC_WARN_ABOUT_RETURN_TYPE = YES_ERROR;
				GCC_WARN_UNDECLARED_SELECTOR = YES;
				GCC_WARN_UNINITIALIZED_AUTOS = YES_AGGRESSIVE;
				GCC_WARN_UNUSED_FUNCTION = YES;
				GCC_WARN_UNUSED_VARIABLE = YES;
				IPHONEOS_DEPLOYMENT_TARGET = 8.1;
				MTL_ENABLE_DEBUG_INFO = YES;
				ONLY_ACTIVE_ARCH = YES;
				SDKROOT = iphoneos;
				TARGETED_DEVICE_FAMILY = "1,2";
			};
			name = Debug;
		};
		2B0817B11A492FCD009CDEE6 /* Release */ = {
			isa = XCBuildConfiguration;
			buildSettings = {
				ALWAYS_SEARCH_USER_PATHS = NO;
				CLANG_CXX_LANGUAGE_STANDARD = "gnu++0x";
				CLANG_CXX_LIBRARY = "libc++";
				CLANG_ENABLE_MODULES = YES;
				CLANG_ENABLE_OBJC_ARC = YES;
				CLANG_WARN_BOOL_CONVERSION = YES;
				CLANG_WARN_CONSTANT_CONVERSION = YES;
				CLANG_WARN_DIRECT_OBJC_ISA_USAGE = YES_ERROR;
				CLANG_WARN_EMPTY_BODY = YES;
				CLANG_WARN_ENUM_CONVERSION = YES;
				CLANG_WARN_INT_CONVERSION = YES;
				CLANG_WARN_OBJC_ROOT_CLASS = YES_ERROR;
				CLANG_WARN_UNREACHABLE_CODE = YES;
				CLANG_WARN__DUPLICATE_METHOD_MATCH = YES;
				"CODE_SIGN_IDENTITY[sdk=iphoneos*]" = "iPhone Developer";
				COPY_PHASE_STRIP = YES;
				ENABLE_NS_ASSERTIONS = NO;
				ENABLE_STRICT_OBJC_MSGSEND = YES;
				GCC_C_LANGUAGE_STANDARD = gnu99;
				GCC_WARN_64_TO_32_BIT_CONVERSION = YES;
				GCC_WARN_ABOUT_RETURN_TYPE = YES_ERROR;
				GCC_WARN_UNDECLARED_SELECTOR = YES;
				GCC_WARN_UNINITIALIZED_AUTOS = YES_AGGRESSIVE;
				GCC_WARN_UNUSED_FUNCTION = YES;
				GCC_WARN_UNUSED_VARIABLE = YES;
				IPHONEOS_DEPLOYMENT_TARGET = 8.1;
				MTL_ENABLE_DEBUG_INFO = NO;
				SDKROOT = iphoneos;
				TARGETED_DEVICE_FAMILY = "1,2";
				VALIDATE_PRODUCT = YES;
			};
			name = Release;
		};
		2B0817B31A492FCD009CDEE6 /* Debug */ = {
			isa = XCBuildConfiguration;
			buildSettings = {
				ASSETCATALOG_COMPILER_APPICON_NAME = AppIcon;
				ASSETCATALOG_COMPILER_LAUNCHIMAGE_NAME = LaunchImage;
				CODE_SIGN_IDENTITY = "iPhone Developer";
				"CODE_SIGN_IDENTITY[sdk=iphoneos*]" = "iPhone Developer";
				INFOPLIST_FILE = picten/Info.plist;
				IPHONEOS_DEPLOYMENT_TARGET = 7.0;
				LD_RUNPATH_SEARCH_PATHS = "$(inherited) @executable_path/Frameworks";
				PRODUCT_NAME = "$(TARGET_NAME)";
				PROVISIONING_PROFILE = "";
				TARGETED_DEVICE_FAMILY = 1;
			};
			name = Debug;
		};
		2B0817B41A492FCD009CDEE6 /* Release */ = {
			isa = XCBuildConfiguration;
			buildSettings = {
				ASSETCATALOG_COMPILER_APPICON_NAME = AppIcon;
				ASSETCATALOG_COMPILER_LAUNCHIMAGE_NAME = LaunchImage;
				CODE_SIGN_IDENTITY = "iPhone Developer";
				"CODE_SIGN_IDENTITY[sdk=iphoneos*]" = "iPhone Developer";
				INFOPLIST_FILE = picten/Info.plist;
				IPHONEOS_DEPLOYMENT_TARGET = 7.0;
				LD_RUNPATH_SEARCH_PATHS = "$(inherited) @executable_path/Frameworks";
				PRODUCT_NAME = "$(TARGET_NAME)";
				PROVISIONING_PROFILE = "";
				TARGETED_DEVICE_FAMILY = 1;
			};
			name = Release;
		};
		2B0817B61A492FCD009CDEE6 /* Debug */ = {
			isa = XCBuildConfiguration;
			buildSettings = {
				BUNDLE_LOADER = "$(TEST_HOST)";
				FRAMEWORK_SEARCH_PATHS = (
					"$(SDKROOT)/Developer/Library/Frameworks",
					"$(inherited)",
				);
				GCC_PREPROCESSOR_DEFINITIONS = (
					"DEBUG=1",
					"$(inherited)",
				);
				INFOPLIST_FILE = pictenTests/Info.plist;
				LD_RUNPATH_SEARCH_PATHS = "$(inherited) @executable_path/Frameworks @loader_path/Frameworks";
				PRODUCT_NAME = "$(TARGET_NAME)";
				TEST_HOST = "$(BUILT_PRODUCTS_DIR)/picten.app/picten";
			};
			name = Debug;
		};
		2B0817B71A492FCD009CDEE6 /* Release */ = {
			isa = XCBuildConfiguration;
			buildSettings = {
				BUNDLE_LOADER = "$(TEST_HOST)";
				FRAMEWORK_SEARCH_PATHS = (
					"$(SDKROOT)/Developer/Library/Frameworks",
					"$(inherited)",
				);
				INFOPLIST_FILE = pictenTests/Info.plist;
				LD_RUNPATH_SEARCH_PATHS = "$(inherited) @executable_path/Frameworks @loader_path/Frameworks";
				PRODUCT_NAME = "$(TARGET_NAME)";
				TEST_HOST = "$(BUILT_PRODUCTS_DIR)/picten.app/picten";
			};
			name = Release;
		};
/* End XCBuildConfiguration section */

/* Begin XCConfigurationList section */
		2B08178A1A492FCD009CDEE6 /* Build configuration list for PBXProject "picten" */ = {
			isa = XCConfigurationList;
			buildConfigurations = (
				2B0817B01A492FCD009CDEE6 /* Debug */,
				2B0817B11A492FCD009CDEE6 /* Release */,
			);
			defaultConfigurationIsVisible = 0;
			defaultConfigurationName = Release;
		};
		2B0817B21A492FCD009CDEE6 /* Build configuration list for PBXNativeTarget "picten" */ = {
			isa = XCConfigurationList;
			buildConfigurations = (
				2B0817B31A492FCD009CDEE6 /* Debug */,
				2B0817B41A492FCD009CDEE6 /* Release */,
			);
			defaultConfigurationIsVisible = 0;
			defaultConfigurationName = Release;
		};
		2B0817B51A492FCD009CDEE6 /* Build configuration list for PBXNativeTarget "pictenTests" */ = {
			isa = XCConfigurationList;
			buildConfigurations = (
				2B0817B61A492FCD009CDEE6 /* Debug */,
				2B0817B71A492FCD009CDEE6 /* Release */,
			);
			defaultConfigurationIsVisible = 0;
			defaultConfigurationName = Release;
		};
/* End XCConfigurationList section */
	};
	rootObject = 2B0817871A492FCD009CDEE6 /* Project object */;
}
